{
  "requires": true,
  "lockfileVersion": 1,
  "dependencies": {
    "@angular/animations": {
      "version": "4.4.3",
      "resolved": "https://registry.npmjs.org/@angular/animations/-/animations-4.4.3.tgz",
      "integrity": "sha1-OWxKW/sihH+eRYJFuplfnBMMDPM=",
      "requires": {
        "tslib": "1.7.1"
      }
    },
    "@angular/material": {
      "version": "2.0.0-beta.11",
      "resolved": "https://registry.npmjs.org/@angular/material/-/material-2.0.0-beta.11.tgz",
      "integrity": "sha512-k4eyil3n8aHqqS3Fq4N77XvF3bcXA2Ttgf9ujDZwXmMd2NlR4XL+LJrguPLwNSQ6i3EYT+ovE2p4XUu2nkHVeQ==",
      "requires": {
        "tslib": "1.7.1"
      }
    },
    "tslib": {
      "version": "1.7.1",
      "resolved": "https://registry.npmjs.org/tslib/-/tslib-1.7.1.tgz",
      "integrity": "sha1-vIAEFkaRkjp5/oN4u+s9ogF1OOw="
    }
  }
}
